%{
  "eastar": {:hex, :eastar, "0.5.1", "5d610705db8e7e9287e02bf1b1ee7013c2744e04380acf914590749dbcb3e8d5", [:mix], [], "hexpm", "1f44f293ffd78fae7692786d3ff64bcc140cfe0efae29b13fd6b6f673d50a558"},
  "vector": {:hex, :vector, "1.0.1", "587fdc3866a224c359df80b5f59f403ac38817f9f60d4076fd0d1128028ea4cd", [:mix], [], "hexpm", "28d6fd19e4b2ed1a39efa67ae5aaecf813c04a77db19d93b767bd347736ec9ea"},
}
